
Microsoft Visual Studio Solution File, Format Version 12.00
# Visual Studio 2013
VisualStudioVersion = 12.0.30324.0
MinimumVisualStudioVersion = 10.0.40219.1
Project("{FAE04EC0-301F-11D3-BF4B-00C04F79EFBC}") = "HeartBleed.CmdLine", "HeartBleed.CmdLine\HeartBleed.CmdLine.csproj", "{30888FD5-8275-4192-88DB-02354AA53664}"
EndProject
Project("{FAE04EC0-301F-11D3-BF4B-00C04F79EFBC}") = "HeartBleed.Net", "HeartBleed.Net\HeartBleed.Net.csproj", "{605B1E09-1173-44B8-816A-FBFA963523FF}"
EndProject
Global
	GlobalSection(SolutionConfigurationPlatforms) = preSolution
		Debug|Any CPU = Debug|Any CPU
		Debug|Mixed Platforms = Debug|Mixed Platforms
		Debug|Win32 = Debug|Win32
		Release|Any CPU = Release|Any CPU
		Release|Mixed Platforms = Release|Mixed Platforms
		Release|Win32 = Release|Win32
	EndGlobalSection
	GlobalSection(ProjectConfigurationPlatforms) = postSolution
		{30888FD5-8275-4192-88DB-02354AA53664}.Debug|Any CPU.ActiveCfg = Debug|Any CPU
		{30888FD5-8275-4192-88DB-02354AA53664}.Debug|Any CPU.Build.0 = Debug|Any CPU
		{30888FD5-8275-4192-88DB-02354AA53664}.Debug|Mixed Platforms.ActiveCfg = Debug|Any CPU
		{30888FD5-8275-4192-88DB-02354AA53664}.Debug|Mixed Platforms.Build.0 = Debug|Any CPU
		{30888FD5-8275-4192-88DB-02354AA53664}.Debug|Win32.ActiveCfg = Debug|Any CPU
		{30888FD5-8275-4192-88DB-02354AA53664}.Debug|Win32.Build.0 = Debug|Any CPU
		{30888FD5-8275-4192-88DB-02354AA53664}.Release|Any CPU.ActiveCfg = Release|Any CPU
		{30888FD5-8275-4192-88DB-02354AA53664}.Release|Any CPU.Build.0 = Release|Any CPU
		{30888FD5-8275-4192-88DB-02354AA53664}.Release|Mixed Platforms.ActiveCfg = Release|Any CPU
		{30888FD5-8275-4192-88DB-02354AA53664}.Release|Mixed Platforms.Build.0 = Release|Any CPU
		{30888FD5-8275-4192-88DB-02354AA53664}.Release|Win32.ActiveCfg = Release|Any CPU
		{605B1E09-1173-44B8-816A-FBFA963523FF}.Debug|Any CPU.ActiveCfg = Debug|Any CPU
		{605B1E09-1173-44B8-816A-FBFA963523FF}.Debug|Any CPU.Build.0 = Debug|Any CPU
		{605B1E09-1173-44B8-816A-FBFA963523FF}.Debug|Mixed Platforms.ActiveCfg = Debug|Any CPU
		{605B1E09-1173-44B8-816A-FBFA963523FF}.Debug|Mixed Platforms.Build.0 = Debug|Any CPU
		{605B1E09-1173-44B8-816A-FBFA963523FF}.Debug|Win32.ActiveCfg = Debug|Any CPU
		{605B1E09-1173-44B8-816A-FBFA963523FF}.Debug|Win32.Build.0 = Debug|Any CPU
		{605B1E09-1173-44B8-816A-FBFA963523FF}.Release|Any CPU.ActiveCfg = Release|Any CPU
		{605B1E09-1173-44B8-816A-FBFA963523FF}.Release|Any CPU.Build.0 = Release|Any CPU
		{605B1E09-1173-44B8-816A-FBFA963523FF}.Release|Mixed Platforms.ActiveCfg = Release|Any CPU
		{605B1E09-1173-44B8-816A-FBFA963523FF}.Release|Mixed Platforms.Build.0 = Release|Any CPU
		{605B1E09-1173-44B8-816A-FBFA963523FF}.Release|Win32.ActiveCfg = Release|Any CPU
	EndGlobalSection
	GlobalSection(SolutionProperties) = preSolution
		HideSolutionNode = FALSE
	EndGlobalSection
EndGlobal
